
Microsoft Visual Studio Solution File, Format Version 12.00
# Visual Studio 14
VisualStudioVersion = 14.0.25420.1
MinimumVisualStudioVersion = 10.0.40219.1
Project("{2150E333-8FDC-42A3-9474-1A3956D46DE8}") = "Web", "Web", "{A5CC74AA-D5E3-42C4-9C4D-3174BA897993}"
EndProject
Project("{8BB2217D-0F2D-49D1-97BC-3654ED321F3B}") = "Serberus.Skullect.Web", "Serberus.Skullect.Web\Serberus.Skullect.Web.xproj", "{97FB93EC-1079-4252-B0B3-798A1A0919C2}"
EndProject
Global
	GlobalSection(SolutionConfigurationPlatforms) = preSolution
		Debug|Any CPU = Debug|Any CPU
		Release|Any CPU = Release|Any CPU
	EndGlobalSection
	GlobalSection(ProjectConfigurationPlatforms) = postSolution
		{97FB93EC-1079-4252-B0B3-798A1A0919C2}.Debug|Any CPU.ActiveCfg = Debug|Any CPU
		{97FB93EC-1079-4252-B0B3-798A1A0919C2}.Debug|Any CPU.Build.0 = Debug|Any CPU
		{97FB93EC-1079-4252-B0B3-798A1A0919C2}.Release|Any CPU.ActiveCfg = Release|Any CPU
		{97FB93EC-1079-4252-B0B3-798A1A0919C2}.Release|Any CPU.Build.0 = Release|Any CPU
	EndGlobalSection
	GlobalSection(SolutionProperties) = preSolution
		HideSolutionNode = FALSE
	EndGlobalSection
	GlobalSection(NestedProjects) = preSolution
		{97FB93EC-1079-4252-B0B3-798A1A0919C2} = {A5CC74AA-D5E3-42C4-9C4D-3174BA897993}
	EndGlobalSection
EndGlobal
